PODS:
  - Kingfisher (4.10.1)
  - SnapKit (4.2.0)
  - SwiftyAttributes (5.0.0)

DEPENDENCIES:
  - Kingfisher
  - SnapKit
  - SwiftyAttributes

SPEC REPOS:
  https://github.com/cocoapods/specs.git:
    - Kingfisher
    - SnapKit
    - SwiftyAttributes

SPEC CHECKSUMS:
  Kingfisher: c148cd7b47ebde9989f6bc7c27dcaa79d81279a0
  SnapKit: fe8a619752f3f27075cc9a90244d75c6c3f27e2a
  SwiftyAttributes: a6e7bbac1e9a9f5c0b42e4055563ca091dda03ad

PODFILE CHECKSUM: 384c99fa185639a06ea768b7bf4b16de15048e13

COCOAPODS: 1.5.3
